
Microsoft Visual Studio Solution File, Format Version 12.00
# Visual Studio Version 17
VisualStudioVersion = 17.4.33020.496
MinimumVisualStudioVersion = 10.0.40219.1
Project("{9A19103F-16F7-4668-BE54-9A1E7A4F7556}") = "BotMovement", "BotMovement\BotMovement.csproj", "{95D14663-F980-40F4-9799-233C8B94B788}"
EndProject
Project("{9A19103F-16F7-4668-BE54-9A1E7A4F7556}") = "GpsBestRoute", "GpsBestRoute\GpsBestRoute.csproj", "{C6146B06-6A01-479E-B238-8D21FDC4F2A3}"
EndProject
Project("{9A19103F-16F7-4668-BE54-9A1E7A4F7556}") = "PrimeNumber2", "PrimeNumber2\PrimeNumber2.csproj", "{4AAA663A-2FF1-41A4-9768-37DC171DF386}"
EndProject
Global
	GlobalSection(SolutionConfigurationPlatforms) = preSolution
		Debug|Any CPU = Debug|Any CPU
		Release|Any CPU = Release|Any CPU
	EndGlobalSection
	GlobalSection(ProjectConfigurationPlatforms) = postSolution
		{95D14663-F980-40F4-9799-233C8B94B788}.Debug|Any CPU.ActiveCfg = Debug|Any CPU
		{95D14663-F980-40F4-9799-233C8B94B788}.Debug|Any CPU.Build.0 = Debug|Any CPU
		{95D14663-F980-40F4-9799-233C8B94B788}.Release|Any CPU.ActiveCfg = Release|Any CPU
		{95D14663-F980-40F4-9799-233C8B94B788}.Release|Any CPU.Build.0 = Release|Any CPU
		{C6146B06-6A01-479E-B238-8D21FDC4F2A3}.Debug|Any CPU.ActiveCfg = Debug|Any CPU
		{C6146B06-6A01-479E-B238-8D21FDC4F2A3}.Debug|Any CPU.Build.0 = Debug|Any CPU
		{C6146B06-6A01-479E-B238-8D21FDC4F2A3}.Release|Any CPU.ActiveCfg = Release|Any CPU
		{C6146B06-6A01-479E-B238-8D21FDC4F2A3}.Release|Any CPU.Build.0 = Release|Any CPU
		{4AAA663A-2FF1-41A4-9768-37DC171DF386}.Debug|Any CPU.ActiveCfg = Debug|Any CPU
		{4AAA663A-2FF1-41A4-9768-37DC171DF386}.Debug|Any CPU.Build.0 = Debug|Any CPU
		{4AAA663A-2FF1-41A4-9768-37DC171DF386}.Release|Any CPU.ActiveCfg = Release|Any CPU
		{4AAA663A-2FF1-41A4-9768-37DC171DF386}.Release|Any CPU.Build.0 = Release|Any CPU
	EndGlobalSection
	GlobalSection(SolutionProperties) = preSolution
		HideSolutionNode = FALSE
	EndGlobalSection
	GlobalSection(ExtensibilityGlobals) = postSolution
		SolutionGuid = {060AC162-E7D7-487A-8B89-AB349C6FF572}
	EndGlobalSection
EndGlobal
